
Microsoft Visual Studio Solution File, Format Version 12.00
# Visual Studio 15
VisualStudioVersion = 15.0.28307.168
MinimumVisualStudioVersion = 10.0.40219.1
Project("{8BC9CEB8-8B4A-11D0-8D11-00A0C91BC942}") = "type_fast", "..\type_fast\type_fast.vcxproj", "{45EB40C0-3C35-4C9E-AD17-28877644D5C8}"
EndProject
Global
	GlobalSection(SolutionConfigurationPlatforms) = preSolution
		Debug|x64 = Debug|x64
		Release|x64 = Release|x64
	EndGlobalSection
	GlobalSection(ProjectConfigurationPlatforms) = postSolution
		{45EB40C0-3C35-4C9E-AD17-28877644D5C8}.Debug|x64.ActiveCfg = Debug|x64
		{45EB40C0-3C35-4C9E-AD17-28877644D5C8}.Debug|x64.Build.0 = Debug|x64
		{45EB40C0-3C35-4C9E-AD17-28877644D5C8}.Release|x64.ActiveCfg = Debug|x64
		{45EB40C0-3C35-4C9E-AD17-28877644D5C8}.Release|x64.Build.0 = Debug|x64
	EndGlobalSection
	GlobalSection(SolutionProperties) = preSolution
		HideSolutionNode = FALSE
	EndGlobalSection
	GlobalSection(ExtensibilityGlobals) = postSolution
		SolutionGuid = {1A7700F3-71ED-4EBF-B99F-E44D1299B065}
	EndGlobalSection
EndGlobal
